<?xml version="1.0" encoding="utf-8"?>
<Project ToolsVersion="4.0" xmlns="http://schemas.microsoft.com/developer/msbuild/2003">
  <ItemGroup>
    <Filter Include="Source Files">
      <UniqueIdentifier>{4FC737F1-C7A5-4376-A066-2A32D752A2FF}</UniqueIdentifier>
      <Extensions>cpp;c;cc;cxx;c++;def;odl;idl;hpj;bat;asm;asmx</Extensions>
    </Filter>
    <Filter Include="Header Files">
      <UniqueIdentifier>{93995380-89BD-4b04-88EB-625FBE52EBFB}</UniqueIdentifier>
      <Extensions>h;hh;hpp;hxx;h++;hm;inl;inc;ipp;xsd</Extensions>
    </Filter>
    <Filter Include="Resource Files">
      <UniqueIdentifier>{67DA6AB6-F800-4c08-8B7A-83BB121AAD01}</UniqueIdentifier>
      <Extensions>rc;ico;cur;bmp;dlg;rc2;rct;bin;rgs;gif;jpg;jpeg;jpe;resx;tiff;tif;png;wav;mfcribbon-ms</Extensions>
    </Filter>
    <Filter Include="Header Files\Sprites">
      <UniqueIdentifier>{7c2361b8-131d-4e2f-aa5c-3579a697a44c}</UniqueIdentifier>
    </Filter>
    <Filter Include="Header Files\Scenes">
      <UniqueIdentifier>{a0a4758f-3c3c-4e46-aa95-b3a9e3e6551c}</UniqueIdentifier>
    </Filter>
    <Filter Include="Header Files\General">
      <UniqueIdentifier>{739456a7-e0ea-401a-910e-a7b1000fb6b7}</UniqueIdentifier>
    </Filter>
    <Filter Include="Source Files\Sprites">
      <UniqueIdentifier>{e83f5138-734d-438f-81ce-a5c38861aefb}</UniqueIdentifier>
    </Filter>
    <Filter Include="Source Files\Scenes">
      <UniqueIdentifier>{0a1362ff-7994-4117-afc1-566367febc14}</UniqueIdentifier>
    </Filter>
    <Filter Include="Source Files\General">
      <UniqueIdentifier>{06882990-ccb2-4d42-97a0-cbc7fe5d585b}</UniqueIdentifier>
    </Filter>
    <Filter Include="Source Files\Pattern">
      <UniqueIdentifier>{ae2981b1-3a0f-4c7e-806d-de54c0500b7e}</UniqueIdentifier>
    </Filter>
    <Filter Include="Header Files\Pattern">
      <UniqueIdentifier>{7679b773-3620-4e68-8bb4-d2af3d02908e}</UniqueIdentifier>
    </Filter>
  </ItemGroup>
  <ItemGroup>
    <ClCompile Include="Button.cpp">
      <Filter>Source Files\Sprites</Filter>
    </ClCompile>
    <ClCompile Include="GeneralFunctions.cpp">
      <Filter>Source Files\General</Filter>
    </ClCompile>
    <ClCompile Include="Main.cpp">
      <Filter>Source Files\General</Filter>
    </ClCompile>
    <ClCompile Include="SceneManager.cpp">
      <Filter>Source Files\Scenes</Filter>
    </ClCompile>
    <ClCompile Include="MainScene.cpp">
      <Filter>Source Files\Scenes</Filter>
    </ClCompile>
    <ClCompile Include="Input.cpp">
      <Filter>Source Files\General</Filter>
    </ClCompile>
    <ClCompile Include="GeneralVariables.cpp">
      <Filter>Source Files\General</Filter>
    </ClCompile>
    <ClCompile Include="Scene.cpp">
      <Filter>Source Files\Scenes</Filter>
    </ClCompile>
    <ClCompile Include="Bullet.cpp">
      <Filter>Source Files\Sprites</Filter>
    </ClCompile>
    <ClCompile Include="Enemy.cpp">
      <Filter>Source Files\Sprites</Filter>
    </ClCompile>
    <ClCompile Include="HealthBar.cpp">
      <Filter>Source Files\Sprites</Filter>
    </ClCompile>
    <ClCompile Include="Ship.cpp">
      <Filter>Source Files\Sprites</Filter>
    </ClCompile>
    <ClCompile Include="Pattern.cpp">
      <Filter>Source Files\Pattern</Filter>
    </ClCompile>
    <ClCompile Include="TimeChooser.cpp">
      <Filter>Source Files\Pattern</Filter>
    </ClCompile>
    <ClCompile Include="TimePiece.cpp">
      <Filter>Source Files\Pattern</Filter>
    </ClCompile>
    <ClCompile Include="SaveAndLoadPatterns.cpp">
      <Filter>Source Files\General</Filter>
    </ClCompile>
  </ItemGroup>
  <ItemGroup>
    <ClInclude Include="Button.h">
      <Filter>Header Files\Sprites</Filter>
    </ClInclude>
    <ClInclude Include="SceneManager.h">
      <Filter>Header Files\Scenes</Filter>
    </ClInclude>
    <ClInclude Include="GeneralFunctions.h">
      <Filter>Header Files\General</Filter>
    </ClInclude>
    <ClInclude Include="Input.h">
      <Filter>Header Files\General</Filter>
    </ClInclude>
    <ClInclude Include="MainScene.h">
      <Filter>Header Files\Scenes</Filter>
    </ClInclude>
    <ClInclude Include="GeneralVariables.h">
      <Filter>Header Files\General</Filter>
    </ClInclude>
    <ClInclude Include="Scene.h">
      <Filter>Header Files\Scenes</Filter>
    </ClInclude>
    <ClInclude Include="Bullet.h">
      <Filter>Header Files\Sprites</Filter>
    </ClInclude>
    <ClInclude Include="Enemy.h">
      <Filter>Header Files\Sprites</Filter>
    </ClInclude>
    <ClInclude Include="HealthBar.h">
      <Filter>Header Files\Sprites</Filter>
    </ClInclude>
    <ClInclude Include="Ship.h">
      <Filter>Header Files\Sprites</Filter>
    </ClInclude>
    <ClInclude Include="Pattern.h">
      <Filter>Header Files\Pattern</Filter>
    </ClInclude>
    <ClInclude Include="TimeChooser.h">
      <Filter>Header Files\Pattern</Filter>
    </ClInclude>
    <ClInclude Include="TimePiece.h">
      <Filter>Header Files\Pattern</Filter>
    </ClInclude>
    <ClInclude Include="SaveAndLoadPatterns.h">
      <Filter>Header Files\General</Filter>
    </ClInclude>
  </ItemGroup>
</Project>